dependencies:
  esp-tflite-micro:
    component_hash: 09acb9889f98d0e7b5d9d1aa7184d455cfd30268d627b43371b7593106d0fc4b
    dependencies:
    - name: idf
      version: '>=4.2'
    - name: espressif/esp-nn
      pre_release: true
      version: ^1.0.0-rc1
    source:
      git: https://github.com/espressif/esp-tflite-micro.git
      path: .
      type: git
    version: c5d97c9577de0eb9b8f05078da84bbb9ff0f748f
  esp32_camera:
    component_hash: 659f1353ee3dd6db885667c61e45fad5574c6c4d832fbe6797ea224d6f61d1e3
    dependencies: []
    source:
      git: https://github.com/espressif/esp32-camera.git
      path: .
      type: git
    version: 30aeeeed61e2b0182d673fe2cfedb1b7aa43b1b9
  espressif/esp-nn:
    component_hash: f6f2851ce82137a66e4265071c9b852bbe0130b882a18dea9f03faea7bf1295a
    dependencies:
    - name: idf
      registry_url: https://components.espressif.com
      require: private
      version: '>=4.2'
    source:
      pre_release: true
      registry_url: https://components.espressif.com/
      type: service
    version: 1.1.0
  idf:
    source:
      type: idf
    version: 5.1.5
  mdns:
    component_hash: 40c443f09fa68ea1bfc1d873e9eb8684e9b25965c992498226e2628408266dd8
    dependencies:
    - name: idf
      version: '>=5.0'
    source:
      git: https://github.com/espressif/esp-protocols.git
      path: components/mdns
      type: git
    version: 5d69d3f0ac34da638e8cb99eacb19d5b862afa8b
direct_dependencies:
- esp-tflite-micro
- esp32_camera
- mdns
manifest_hash: 1af250f3702e86f93269430d8c776a31f3e6cb73935c38483dba97aba67120b6
target: esp32
version: 2.0.0
